// !$*UTF8*$!
{
	archiveVersion = 1;
	classes = {
	};
	objectVersion = 56;
	objects = {

/* Begin PBXBuildFile section */
		BE473E242C9334F400020435 /* EventListView.swift in Sources */ = {isa = PBXBuildFile; fileRef = BE473E232C9334F400020435 /* EventListView.swift */; };
		BE473E262C93351700020435 /* TouristMapView.swift in Sources */ = {isa = PBXBuildFile; fileRef = BE473E252C93351700020435 /* TouristMapView.swift */; };
		BE473E282C93353700020435 /* ScheduleListView.swift in Sources */ = {isa = PBXBuildFile; fileRef = BE473E272C93353700020435 /* ScheduleListView.swift */; };
		BE473E2A2C93353F00020435 /* RecordListView.swift in Sources */ = {isa = PBXBuildFile; fileRef = BE473E292C93353F00020435 /* RecordListView.swift */; };
		BED1DF6C2C907C1D0030BC1A /* TripLogApp.swift in Sources */ = {isa = PBXBuildFile; fileRef = BED1DF6B2C907C1D0030BC1A /* TripLogApp.swift */; };
		BED1DF6E2C907C1D0030BC1A /* MainTab.swift in Sources */ = {isa = PBXBuildFile; fileRef = BED1DF6D2C907C1D0030BC1A /* MainTab.swift */; };
		BED1DF702C907C200030BC1A /* Assets.xcassets in Resources */ = {isa = PBXBuildFile; fileRef = BED1DF6F2C907C200030BC1A /* Assets.xcassets */; };
		BED1DF732C907C200030BC1A /* Preview Assets.xcassets in Resources */ = {isa = PBXBuildFile; fileRef = BED1DF722C907C200030BC1A /* Preview Assets.xcassets */; };
		BED1DF7A2C907CEA0030BC1A /* .gitignore in Resources */ = {isa = PBXBuildFile; fileRef = BED1DF792C907CEA0030BC1A /* .gitignore */; };
/* End PBXBuildFile section */

/* Begin PBXFileReference section */
		BE473E232C9334F400020435 /* EventListView.swift */ = {isa = PBXFileReference; lastKnownFileType = sourcecode.swift; path = EventListView.swift; sourceTree = "<group>"; };
		BE473E252C93351700020435 /* TouristMapView.swift */ = {isa = PBXFileReference; lastKnownFileType = sourcecode.swift; path = TouristMapView.swift; sourceTree = "<group>"; };
		BE473E272C93353700020435 /* ScheduleListView.swift */ = {isa = PBXFileReference; lastKnownFileType = sourcecode.swift; path = ScheduleListView.swift; sourceTree = "<group>"; };
		BE473E292C93353F00020435 /* RecordListView.swift */ = {isa = PBXFileReference; lastKnownFileType = sourcecode.swift; path = RecordListView.swift; sourceTree = "<group>"; };
		BED1DF682C907C1D0030BC1A /* TripLog.app */ = {isa = PBXFileReference; explicitFileType = wrapper.application; includeInIndex = 0; path = TripLog.app; sourceTree = BUILT_PRODUCTS_DIR; };
		BED1DF6B2C907C1D0030BC1A /* TripLogApp.swift */ = {isa = PBXFileReference; lastKnownFileType = sourcecode.swift; path = TripLogApp.swift; sourceTree = "<group>"; };
		BED1DF6D2C907C1D0030BC1A /* MainTab.swift */ = {isa = PBXFileReference; lastKnownFileType = sourcecode.swift; path = MainTab.swift; sourceTree = "<group>"; };
		BED1DF6F2C907C200030BC1A /* Assets.xcassets */ = {isa = PBXFileReference; lastKnownFileType = folder.assetcatalog; path = Assets.xcassets; sourceTree = "<group>"; };
		BED1DF722C907C200030BC1A /* Preview Assets.xcassets */ = {isa = PBXFileReference; lastKnownFileType = folder.assetcatalog; path = "Preview Assets.xcassets"; sourceTree = "<group>"; };
		BED1DF792C907CEA0030BC1A /* .gitignore */ = {isa = PBXFileReference; lastKnownFileType = text; path = .gitignore; sourceTree = "<group>"; };
/* End PBXFileReference section */

/* Begin PBXFrameworksBuildPhase section */
		BED1DF652C907C1D0030BC1A /* Frameworks */ = {
			isa = PBXFrameworksBuildPhase;
			buildActionMask = 2147483647;
			files = (
			);
			runOnlyForDeploymentPostprocessing = 0;
		};
/* End PBXFrameworksBuildPhase section */

/* Begin PBXGroup section */
		BED1DF5F2C907C1D0030BC1A = {
			isa = PBXGroup;
			children = (
				BED1DF792C907CEA0030BC1A /* .gitignore */,
				BED1DF6A2C907C1D0030BC1A /* TripLog */,
				BED1DF692C907C1D0030BC1A /* Products */,
			);
			sourceTree = "<group>";
		};
		BED1DF692C907C1D0030BC1A /* Products */ = {
			isa = PBXGroup;
			children = (
				BED1DF682C907C1D0030BC1A /* TripLog.app */,
			);
			name = Products;
			sourceTree = "<group>";
		};
		BED1DF6A2C907C1D0030BC1A /* TripLog */ = {
			isa = PBXGroup;
			children = (
				BED1DF7E2C91D09E0030BC1A /* Sources */,
				BED1DF7D2C91D0950030BC1A /* Resources */,
			);
			path = TripLog;
			sourceTree = "<group>";
		};
		BED1DF712C907C200030BC1A /* Preview Content */ = {
			isa = PBXGroup;
			children = (
				BED1DF722C907C200030BC1A /* Preview Assets.xcassets */,
			);
			path = "Preview Content";
			sourceTree = "<group>";
		};
		BED1DF7B2C91D07D0030BC1A /* App */ = {
			isa = PBXGroup;
			children = (
				BED1DF6B2C907C1D0030BC1A /* TripLogApp.swift */,
			);
			path = App;
			sourceTree = "<group>";
		};
		BED1DF7C2C91D0830030BC1A /* Presentation */ = {
			isa = PBXGroup;
			children = (
				BED1DF6D2C907C1D0030BC1A /* MainTab.swift */,
				BE473E232C9334F400020435 /* EventListView.swift */,
				BE473E252C93351700020435 /* TouristMapView.swift */,
				BE473E272C93353700020435 /* ScheduleListView.swift */,
				BE473E292C93353F00020435 /* RecordListView.swift */,
			);
			path = Presentation;
			sourceTree = "<group>";
		};
		BED1DF7D2C91D0950030BC1A /* Resources */ = {
			isa = PBXGroup;
			children = (
				BED1DF6F2C907C200030BC1A /* Assets.xcassets */,
				BED1DF712C907C200030BC1A /* Preview Content */,
			);
			path = Resources;
			sourceTree = "<group>";
		};
		BED1DF7E2C91D09E0030BC1A /* Sources */ = {
			isa = PBXGroup;
			children = (
				BED1DF7B2C91D07D0030BC1A /* App */,
				BED1DF7C2C91D0830030BC1A /* Presentation */,
			);
			path = Sources;
			sourceTree = "<group>";
		};
/* End PBXGroup section */

/* Begin PBXNativeTarget section */
		BED1DF672C907C1D0030BC1A /* TripLog */ = {
			isa = PBXNativeTarget;
			buildConfigurationList = BED1DF762C907C200030BC1A /* Build configuration list for PBXNativeTarget "TripLog" */;
			buildPhases = (
				BED1DF642C907C1D0030BC1A /* Sources */,
				BED1DF652C907C1D0030BC1A /* Frameworks */,
				BED1DF662C907C1D0030BC1A /* Resources */,
			);
			buildRules = (
			);
			dependencies = (
			);
			name = TripLog;
			packageProductDependencies = (
			);
			productName = TripLog;
			productReference = BED1DF682C907C1D0030BC1A /* TripLog.app */;
			productType = "com.apple.product-type.application";
		};
/* End PBXNativeTarget section */

/* Begin PBXProject section */
		BED1DF602C907C1D0030BC1A /* Project object */ = {
			isa = PBXProject;
			attributes = {
				BuildIndependentTargetsInParallel = 1;
				LastSwiftUpdateCheck = 1540;
				LastUpgradeCheck = 1540;
				TargetAttributes = {
					BED1DF672C907C1D0030BC1A = {
						CreatedOnToolsVersion = 15.4;
					};
				};
			};
			buildConfigurationList = BED1DF632C907C1D0030BC1A /* Build configuration list for PBXProject "TripLog" */;
			compatibilityVersion = "Xcode 14.0";
			developmentRegion = en;
			hasScannedForEncodings = 0;
			knownRegions = (
				en,
				Base,
			);
			mainGroup = BED1DF5F2C907C1D0030BC1A;
			packageReferences = (
			);
			productRefGroup = BED1DF692C907C1D0030BC1A /* Products */;
			projectDirPath = "";
			projectRoot = "";
			targets = (
				BED1DF672C907C1D0030BC1A /* TripLog */,
			);
		};
/* End PBXProject section */

/* Begin PBXResourcesBuildPhase section */
		BED1DF662C907C1D0030BC1A /* Resources */ = {
			isa = PBXResourcesBuildPhase;
			buildActionMask = 2147483647;
			files = (
				BED1DF732C907C200030BC1A /* Preview Assets.xcassets in Resources */,
				BED1DF7A2C907CEA0030BC1A /* .gitignore in Resources */,
				BED1DF702C907C200030BC1A /* Assets.xcassets in Resources */,
			);
			runOnlyForDeploymentPostprocessing = 0;
		};
/* End PBXResourcesBuildPhase section */

/* Begin PBXSourcesBuildPhase section */
		BED1DF642C907C1D0030BC1A /* Sources */ = {
			isa = PBXSourcesBuildPhase;
			buildActionMask = 2147483647;
			files = (
				BE473E282C93353700020435 /* ScheduleListView.swift in Sources */,
				BED1DF6E2C907C1D0030BC1A /* MainTab.swift in Sources */,
				BE473E242C9334F400020435 /* EventListView.swift in Sources */,
				BE473E262C93351700020435 /* TouristMapView.swift in Sources */,
				BED1DF6C2C907C1D0030BC1A /* TripLogApp.swift in Sources */,
				BE473E2A2C93353F00020435 /* RecordListView.swift in Sources */,
			);
			runOnlyForDeploymentPostprocessing = 0;
		};
/* End PBXSourcesBuildPhase section */

/* Begin XCBuildConfiguration section */
		BED1DF742C907C200030BC1A /* Debug */ = {
			isa = XCBuildConfiguration;
			buildSettings = {
				ALWAYS_SEARCH_USER_PATHS = NO;
				ASSETCATALOG_COMPILER_GENERATE_SWIFT_ASSET_SYMBOL_EXTENSIONS = YES;
				CLANG_ANALYZER_NONNULL = YES;
				CLANG_ANALYZER_NUMBER_OBJECT_CONVERSION = YES_AGGRESSIVE;
				CLANG_CXX_LANGUAGE_STANDARD = "gnu++20";
				CLANG_ENABLE_MODULES = YES;
				CLANG_ENABLE_OBJC_ARC = YES;
				CLANG_ENABLE_OBJC_WEAK = YES;
				CLANG_WARN_BLOCK_CAPTURE_AUTORELEASING = YES;
				CLANG_WARN_BOOL_CONVERSION = YES;
				CLANG_WARN_COMMA = YES;
				CLANG_WARN_CONSTANT_CONVERSION = YES;
				CLANG_WARN_DEPRECATED_OBJC_IMPLEMENTATIONS = YES;
				CLANG_WARN_DIRECT_OBJC_ISA_USAGE = YES_ERROR;
				CLANG_WARN_DOCUMENTATION_COMMENTS = YES;
				CLANG_WARN_EMPTY_BODY = YES;
				CLANG_WARN_ENUM_CONVERSION = YES;
				CLANG_WARN_INFINITE_RECURSION = YES;
				CLANG_WARN_INT_CONVERSION = YES;
				CLANG_WARN_NON_LITERAL_NULL_CONVERSION = YES;
				CLANG_WARN_OBJC_IMPLICIT_RETAIN_SELF = YES;
				CLANG_WARN_OBJC_LITERAL_CONVERSION = YES;
				CLANG_WARN_OBJC_ROOT_CLASS = YES_ERROR;
				CLANG_WARN_QUOTED_INCLUDE_IN_FRAMEWORK_HEADER = YES;
				CLANG_WARN_RANGE_LOOP_ANALYSIS = YES;
				CLANG_WARN_STRICT_PROTOTYPES = YES;
				CLANG_WARN_SUSPICIOUS_MOVE = YES;
				CLANG_WARN_UNGUARDED_AVAILABILITY = YES_AGGRESSIVE;
				CLANG_WARN_UNREACHABLE_CODE = YES;
				CLANG_WARN__DUPLICATE_METHOD_MATCH = YES;
				COPY_PHASE_STRIP = NO;
				DEBUG_INFORMATION_FORMAT = dwarf;
				ENABLE_STRICT_OBJC_MSGSEND = YES;
				ENABLE_TESTABILITY = YES;
				ENABLE_USER_SCRIPT_SANDBOXING = YES;
				GCC_C_LANGUAGE_STANDARD = gnu17;
				GCC_DYNAMIC_NO_PIC = NO;
				GCC_NO_COMMON_BLOCKS = YES;
				GCC_OPTIMIZATION_LEVEL = 0;
				GCC_PREPROCESSOR_DEFINITIONS = (
					"DEBUG=1",
					"$(inherited)",
				);
				GCC_WARN_64_TO_32_BIT_CONVERSION = YES;
				GCC_WARN_ABOUT_RETURN_TYPE = YES_ERROR;
				GCC_WARN_UNDECLARED_SELECTOR = YES;
				GCC_WARN_UNINITIALIZED_AUTOS = YES_AGGRESSIVE;
				GCC_WARN_UNUSED_FUNCTION = YES;
				GCC_WARN_UNUSED_VARIABLE = YES;
				IPHONEOS_DEPLOYMENT_TARGET = 16.0;
				LOCALIZATION_PREFERS_STRING_CATALOGS = YES;
				MTL_ENABLE_DEBUG_INFO = INCLUDE_SOURCE;
				MTL_FAST_MATH = YES;
				ONLY_ACTIVE_ARCH = YES;
				SDKROOT = iphoneos;
				SWIFT_ACTIVE_COMPILATION_CONDITIONS = "DEBUG $(inherited)";
				SWIFT_OPTIMIZATION_LEVEL = "-Onone";
			};
			name = Debug;
		};
		BED1DF752C907C200030BC1A /* Release */ = {
			isa = XCBuildConfiguration;
			buildSettings = {
				ALWAYS_SEARCH_USER_PATHS = NO;
				ASSETCATALOG_COMPILER_GENERATE_SWIFT_ASSET_SYMBOL_EXTENSIONS = YES;
				CLANG_ANALYZER_NONNULL = YES;
				CLANG_ANALYZER_NUMBER_OBJECT_CONVERSION = YES_AGGRESSIVE;
				CLANG_CXX_LANGUAGE_STANDARD = "gnu++20";
				CLANG_ENABLE_MODULES = YES;
				CLANG_ENABLE_OBJC_ARC = YES;
				CLANG_ENABLE_OBJC_WEAK = YES;
				CLANG_WARN_BLOCK_CAPTURE_AUTORELEASING = YES;
				CLANG_WARN_BOOL_CONVERSION = YES;
				CLANG_WARN_COMMA = YES;
				CLANG_WARN_CONSTANT_CONVERSION = YES;
				CLANG_WARN_DEPRECATED_OBJC_IMPLEMENTATIONS = YES;
				CLANG_WARN_DIRECT_OBJC_ISA_USAGE = YES_ERROR;
				CLANG_WARN_DOCUMENTATION_COMMENTS = YES;
				CLANG_WARN_EMPTY_BODY = YES;
				CLANG_WARN_ENUM_CONVERSION = YES;
				CLANG_WARN_INFINITE_RECURSION = YES;
				CLANG_WARN_INT_CONVERSION = YES;
				CLANG_WARN_NON_LITERAL_NULL_CONVERSION = YES;
				CLANG_WARN_OBJC_IMPLICIT_RETAIN_SELF = YES;
				CLANG_WARN_OBJC_LITERAL_CONVERSION = YES;
				CLANG_WARN_OBJC_ROOT_CLASS = YES_ERROR;
				CLANG_WARN_QUOTED_INCLUDE_IN_FRAMEWORK_HEADER = YES;
				CLANG_WARN_RANGE_LOOP_ANALYSIS = YES;
				CLANG_WARN_STRICT_PROTOTYPES = YES;
				CLANG_WARN_SUSPICIOUS_MOVE = YES;
				CLANG_WARN_UNGUARDED_AVAILABILITY = YES_AGGRESSIVE;
				CLANG_WARN_UNREACHABLE_CODE = YES;
				CLANG_WARN__DUPLICATE_METHOD_MATCH = YES;
				COPY_PHASE_STRIP = NO;
				DEBUG_INFORMATION_FORMAT = "dwarf-with-dsym";
				ENABLE_NS_ASSERTIONS = NO;
				ENABLE_STRICT_OBJC_MSGSEND = YES;
				ENABLE_USER_SCRIPT_SANDBOXING = YES;
				GCC_C_LANGUAGE_STANDARD = gnu17;
				GCC_NO_COMMON_BLOCKS = YES;
				GCC_WARN_64_TO_32_BIT_CONVERSION = YES;
				GCC_WARN_ABOUT_RETURN_TYPE = YES_ERROR;
				GCC_WARN_UNDECLARED_SELECTOR = YES;
				GCC_WARN_UNINITIALIZED_AUTOS = YES_AGGRESSIVE;
				GCC_WARN_UNUSED_FUNCTION = YES;
				GCC_WARN_UNUSED_VARIABLE = YES;
				IPHONEOS_DEPLOYMENT_TARGET = 16.0;
				LOCALIZATION_PREFERS_STRING_CATALOGS = YES;
				MTL_ENABLE_DEBUG_INFO = NO;
				MTL_FAST_MATH = YES;
				SDKROOT = iphoneos;
				SWIFT_COMPILATION_MODE = wholemodule;
				VALIDATE_PRODUCT = YES;
			};
			name = Release;
		};
		BED1DF772C907C200030BC1A /* Debug */ = {
			isa = XCBuildConfiguration;
			buildSettings = {
				ASSETCATALOG_COMPILER_APPICON_NAME = AppIcon;
				ASSETCATALOG_COMPILER_GLOBAL_ACCENT_COLOR_NAME = AccentColor;
				CODE_SIGN_STYLE = Automatic;
				CURRENT_PROJECT_VERSION = 1;
				DEVELOPMENT_ASSET_PATHS = "\"TripLog/Resources/Preview Content\"";
				DEVELOPMENT_TEAM = ASU4PNB5MG;
				ENABLE_PREVIEWS = YES;
				GENERATE_INFOPLIST_FILE = YES;
				INFOPLIST_KEY_UIApplicationSceneManifest_Generation = YES;
				INFOPLIST_KEY_UIApplicationSupportsIndirectInputEvents = YES;
				INFOPLIST_KEY_UILaunchScreen_Generation = YES;
				INFOPLIST_KEY_UISupportedInterfaceOrientations = UIInterfaceOrientationPortrait;
				INFOPLIST_KEY_UISupportedInterfaceOrientations_iPad = "UIInterfaceOrientationLandscapeLeft UIInterfaceOrientationLandscapeRight UIInterfaceOrientationPortrait UIInterfaceOrientationPortraitUpsideDown";
				IPHONEOS_DEPLOYMENT_TARGET = 16.0;
				LD_RUNPATH_SEARCH_PATHS = (
					"$(inherited)",
					"@executable_path/Frameworks",
				);
				MARKETING_VERSION = 0.1;
				PRODUCT_BUNDLE_IDENTIFIER = com.geonseobkim.TripLog;
				PRODUCT_NAME = "$(TARGET_NAME)";
				SUPPORTED_PLATFORMS = "iphoneos iphonesimulator";
				SUPPORTS_MACCATALYST = NO;
				SUPPORTS_MAC_DESIGNED_FOR_IPHONE_IPAD = NO;
				SUPPORTS_XR_DESIGNED_FOR_IPHONE_IPAD = NO;
				SWIFT_EMIT_LOC_STRINGS = YES;
				SWIFT_VERSION = 5.0;
				TARGETED_DEVICE_FAMILY = 1;
			};
			name = Debug;
		};
		BED1DF782C907C200030BC1A /* Release */ = {
			isa = XCBuildConfiguration;
			buildSettings = {
				ASSETCATALOG_COMPILER_APPICON_NAME = AppIcon;
				ASSETCATALOG_COMPILER_GLOBAL_ACCENT_COLOR_NAME = AccentColor;
				CODE_SIGN_STYLE = Automatic;
				CURRENT_PROJECT_VERSION = 1;
				DEVELOPMENT_ASSET_PATHS = "\"TripLog/Resources/Preview Content\"";
				DEVELOPMENT_TEAM = ASU4PNB5MG;
				ENABLE_PREVIEWS = YES;
				GENERATE_INFOPLIST_FILE = YES;
				INFOPLIST_KEY_UIApplicationSceneManifest_Generation = YES;
				INFOPLIST_KEY_UIApplicationSupportsIndirectInputEvents = YES;
				INFOPLIST_KEY_UILaunchScreen_Generation = YES;
				INFOPLIST_KEY_UISupportedInterfaceOrientations = UIInterfaceOrientationPortrait;
				INFOPLIST_KEY_UISupportedInterfaceOrientations_iPad = "UIInterfaceOrientationLandscapeLeft UIInterfaceOrientationLandscapeRight UIInterfaceOrientationPortrait UIInterfaceOrientationPortraitUpsideDown";
				IPHONEOS_DEPLOYMENT_TARGET = 16.0;
				LD_RUNPATH_SEARCH_PATHS = (
					"$(inherited)",
					"@executable_path/Frameworks",
				);
				MARKETING_VERSION = 0.1;
				PRODUCT_BUNDLE_IDENTIFIER = com.geonseobkim.TripLog;
				PRODUCT_NAME = "$(TARGET_NAME)";
				SUPPORTED_PLATFORMS = "iphoneos iphonesimulator";
				SUPPORTS_MACCATALYST = NO;
				SUPPORTS_MAC_DESIGNED_FOR_IPHONE_IPAD = NO;
				SUPPORTS_XR_DESIGNED_FOR_IPHONE_IPAD = NO;
				SWIFT_EMIT_LOC_STRINGS = YES;
				SWIFT_VERSION = 5.0;
				TARGETED_DEVICE_FAMILY = 1;
			};
			name = Release;
		};
/* End XCBuildConfiguration section */

/* Begin XCConfigurationList section */
		BED1DF632C907C1D0030BC1A /* Build configuration list for PBXProject "TripLog" */ = {
			isa = XCConfigurationList;
			buildConfigurations = (
				BED1DF742C907C200030BC1A /* Debug */,
				BED1DF752C907C200030BC1A /* Release */,
			);
			defaultConfigurationIsVisible = 0;
			defaultConfigurationName = Release;
		};
		BED1DF762C907C200030BC1A /* Build configuration list for PBXNativeTarget "TripLog" */ = {
			isa = XCConfigurationList;
			buildConfigurations = (
				BED1DF772C907C200030BC1A /* Debug */,
				BED1DF782C907C200030BC1A /* Release */,
			);
			defaultConfigurationIsVisible = 0;
			defaultConfigurationName = Release;
		};
/* End XCConfigurationList section */
	};
	rootObject = BED1DF602C907C1D0030BC1A /* Project object */;
}
