// !$*UTF8*$!
{
	archiveVersion = 1;
	classes = {
	};
	objectVersion = 56;
	objects = {

/* Begin PBXBuildFile section */
		8E138FA92C9C4E4F008F9D38 /* LocationService.swift in Sources */ = {isa = PBXBuildFile; fileRef = 8E138FA82C9C4E4F008F9D38 /* LocationService.swift */; };
		8E138FAB2C9C4E55008F9D38 /* DefaultLocationService.swift in Sources */ = {isa = PBXBuildFile; fileRef = 8E138FAA2C9C4E55008F9D38 /* DefaultLocationService.swift */; };
		8E138FAE2C9C4E95008F9D38 /* TouristMapViewModel.swift in Sources */ = {isa = PBXBuildFile; fileRef = 8E138FAD2C9C4E95008F9D38 /* TouristMapViewModel.swift */; };
		8ECFED332C9DB8D100716B71 /* Kingfisher in Frameworks */ = {isa = PBXBuildFile; productRef = 8ECFED322C9DB8D100716B71 /* Kingfisher */; };
		BE14D2172C96A7CA00CCDB99 /* AreaCodeDTO.swift in Sources */ = {isa = PBXBuildFile; fileRef = BE14D2162C96A7CA00CCDB99 /* AreaCodeDTO.swift */; };
		BE14D21A2C96A83600CCDB99 /* TouristRepository.swift in Sources */ = {isa = PBXBuildFile; fileRef = BE14D2192C96A83600CCDB99 /* TouristRepository.swift */; };
		BE14D21C2C96A8D700CCDB99 /* Injected.swift in Sources */ = {isa = PBXBuildFile; fileRef = BE14D21B2C96A8D700CCDB99 /* Injected.swift */; };
		BE14D21E2C96A8F000CCDB99 /* DIContainer.swift in Sources */ = {isa = PBXBuildFile; fileRef = BE14D21D2C96A8F000CCDB99 /* DIContainer.swift */; };
		BE14D2212C96A97300CCDB99 /* Data+.swift in Sources */ = {isa = PBXBuildFile; fileRef = BE14D2202C96A97300CCDB99 /* Data+.swift */; };
		BE14D2232C96B39900CCDB99 /* AppDelegate.swift in Sources */ = {isa = PBXBuildFile; fileRef = BE14D2222C96B39900CCDB99 /* AppDelegate.swift */; };
		BE473E242C9334F400020435 /* EventListView.swift in Sources */ = {isa = PBXBuildFile; fileRef = BE473E232C9334F400020435 /* EventListView.swift */; };
		BE473E262C93351700020435 /* TouristMapView.swift in Sources */ = {isa = PBXBuildFile; fileRef = BE473E252C93351700020435 /* TouristMapView.swift */; };
		BE473E282C93353700020435 /* ScheduleListView.swift in Sources */ = {isa = PBXBuildFile; fileRef = BE473E272C93353700020435 /* ScheduleListView.swift */; };
		BE473E2A2C93353F00020435 /* RecordListView.swift in Sources */ = {isa = PBXBuildFile; fileRef = BE473E292C93353F00020435 /* RecordListView.swift */; };
		BE473E2E2C933DCA00020435 /* SliderView.swift in Sources */ = {isa = PBXBuildFile; fileRef = BE473E2D2C933DCA00020435 /* SliderView.swift */; };
		BE473E322C9485DC00020435 /* NetworkService.swift in Sources */ = {isa = PBXBuildFile; fileRef = BE473E312C9485DC00020435 /* NetworkService.swift */; };
		BE473E342C9485FB00020435 /* Endpoint.swift in Sources */ = {isa = PBXBuildFile; fileRef = BE473E332C9485FB00020435 /* Endpoint.swift */; };
		BE473E362C9488E100020435 /* DefaultNetworkService.swift in Sources */ = {isa = PBXBuildFile; fileRef = BE473E352C9488E100020435 /* DefaultNetworkService.swift */; };
		BE473E552C954E3100020435 /* Secret.swift in Sources */ = {isa = PBXBuildFile; fileRef = BE473E542C954E3100020435 /* Secret.swift */; };
		BE473E582C95862E00020435 /* TouristEndpoint.swift in Sources */ = {isa = PBXBuildFile; fileRef = BE473E572C95862E00020435 /* TouristEndpoint.swift */; };
		BE473E5B2C95864C00020435 /* AreaCodeEndpoint.swift in Sources */ = {isa = PBXBuildFile; fileRef = BE473E5A2C95864C00020435 /* AreaCodeEndpoint.swift */; };
		BE473E5E2C958D3700020435 /* QueryProvider.swift in Sources */ = {isa = PBXBuildFile; fileRef = BE473E5D2C958D3700020435 /* QueryProvider.swift */; };
		BE473E612C958E1D00020435 /* AreaCodeRequest.swift in Sources */ = {isa = PBXBuildFile; fileRef = BE473E602C958E1D00020435 /* AreaCodeRequest.swift */; };
		BE473E632C969A2800020435 /* ViewModel.swift in Sources */ = {isa = PBXBuildFile; fileRef = BE473E622C969A2800020435 /* ViewModel.swift */; };
		BEADF8EF2C96BB0600FCDBE9 /* AreaCodeResponse.swift in Sources */ = {isa = PBXBuildFile; fileRef = BEADF8EE2C96BB0600FCDBE9 /* AreaCodeResponse.swift */; };
		BEADF8F22C96BC5E00FCDBE9 /* EventListViewModel.swift in Sources */ = {isa = PBXBuildFile; fileRef = BEADF8F12C96BC5E00FCDBE9 /* EventListViewModel.swift */; };
		BEADF8F42C96BDA300FCDBE9 /* SearchFestivalEndpoint.swift in Sources */ = {isa = PBXBuildFile; fileRef = BEADF8F32C96BDA300FCDBE9 /* SearchFestivalEndpoint.swift */; };
		BEADF8F62C96BE7300FCDBE9 /* SearchFestivalRequest.swift in Sources */ = {isa = PBXBuildFile; fileRef = BEADF8F52C96BE7300FCDBE9 /* SearchFestivalRequest.swift */; };
		BEADF8F82C96BF6E00FCDBE9 /* DateFormat.swift in Sources */ = {isa = PBXBuildFile; fileRef = BEADF8F72C96BF6E00FCDBE9 /* DateFormat.swift */; };
		BEADF8FA2C96D54A00FCDBE9 /* SearchFestivalDTO.swift in Sources */ = {isa = PBXBuildFile; fileRef = BEADF8F92C96D54A00FCDBE9 /* SearchFestivalDTO.swift */; };
		BED1DF6C2C907C1D0030BC1A /* TripLogApp.swift in Sources */ = {isa = PBXBuildFile; fileRef = BED1DF6B2C907C1D0030BC1A /* TripLogApp.swift */; };
		BED1DF6E2C907C1D0030BC1A /* MainTab.swift in Sources */ = {isa = PBXBuildFile; fileRef = BED1DF6D2C907C1D0030BC1A /* MainTab.swift */; };
		BED1DF702C907C200030BC1A /* Assets.xcassets in Resources */ = {isa = PBXBuildFile; fileRef = BED1DF6F2C907C200030BC1A /* Assets.xcassets */; };
		BED1DF732C907C200030BC1A /* Preview Assets.xcassets in Resources */ = {isa = PBXBuildFile; fileRef = BED1DF722C907C200030BC1A /* Preview Assets.xcassets */; };
		BED1DF7A2C907CEA0030BC1A /* .gitignore in Resources */ = {isa = PBXBuildFile; fileRef = BED1DF792C907CEA0030BC1A /* .gitignore */; };
		BEF36D5C2C97D872008A9DBF /* SearchFestivalResponse.swift in Sources */ = {isa = PBXBuildFile; fileRef = BEF36D5B2C97D872008A9DBF /* SearchFestivalResponse.swift */; };
		BEF36D5E2C97DC77008A9DBF /* FestivalCardView.swift in Sources */ = {isa = PBXBuildFile; fileRef = BEF36D5D2C97DC77008A9DBF /* FestivalCardView.swift */; };
/* End PBXBuildFile section */

/* Begin PBXFileReference section */
		8E138FA82C9C4E4F008F9D38 /* LocationService.swift */ = {isa = PBXFileReference; lastKnownFileType = sourcecode.swift; path = LocationService.swift; sourceTree = "<group>"; };
		8E138FAA2C9C4E55008F9D38 /* DefaultLocationService.swift */ = {isa = PBXFileReference; lastKnownFileType = sourcecode.swift; path = DefaultLocationService.swift; sourceTree = "<group>"; };
		8E138FAD2C9C4E95008F9D38 /* TouristMapViewModel.swift */ = {isa = PBXFileReference; lastKnownFileType = sourcecode.swift; path = TouristMapViewModel.swift; sourceTree = "<group>"; };
		BE14D2162C96A7CA00CCDB99 /* AreaCodeDTO.swift */ = {isa = PBXFileReference; lastKnownFileType = sourcecode.swift; path = AreaCodeDTO.swift; sourceTree = "<group>"; };
		BE14D2192C96A83600CCDB99 /* TouristRepository.swift */ = {isa = PBXFileReference; lastKnownFileType = sourcecode.swift; path = TouristRepository.swift; sourceTree = "<group>"; };
		BE14D21B2C96A8D700CCDB99 /* Injected.swift */ = {isa = PBXFileReference; lastKnownFileType = sourcecode.swift; path = Injected.swift; sourceTree = "<group>"; };
		BE14D21D2C96A8F000CCDB99 /* DIContainer.swift */ = {isa = PBXFileReference; lastKnownFileType = sourcecode.swift; path = DIContainer.swift; sourceTree = "<group>"; };
		BE14D2202C96A97300CCDB99 /* Data+.swift */ = {isa = PBXFileReference; lastKnownFileType = sourcecode.swift; path = "Data+.swift"; sourceTree = "<group>"; };
		BE14D2222C96B39900CCDB99 /* AppDelegate.swift */ = {isa = PBXFileReference; lastKnownFileType = sourcecode.swift; path = AppDelegate.swift; sourceTree = "<group>"; };
		BE473E232C9334F400020435 /* EventListView.swift */ = {isa = PBXFileReference; lastKnownFileType = sourcecode.swift; path = EventListView.swift; sourceTree = "<group>"; };
		BE473E252C93351700020435 /* TouristMapView.swift */ = {isa = PBXFileReference; lastKnownFileType = sourcecode.swift; path = TouristMapView.swift; sourceTree = "<group>"; };
		BE473E272C93353700020435 /* ScheduleListView.swift */ = {isa = PBXFileReference; lastKnownFileType = sourcecode.swift; path = ScheduleListView.swift; sourceTree = "<group>"; };
		BE473E292C93353F00020435 /* RecordListView.swift */ = {isa = PBXFileReference; lastKnownFileType = sourcecode.swift; path = RecordListView.swift; sourceTree = "<group>"; };
		BE473E2D2C933DCA00020435 /* SliderView.swift */ = {isa = PBXFileReference; lastKnownFileType = sourcecode.swift; path = SliderView.swift; sourceTree = "<group>"; };
		BE473E312C9485DC00020435 /* NetworkService.swift */ = {isa = PBXFileReference; lastKnownFileType = sourcecode.swift; name = NetworkService.swift; path = TripLog/Sources/Data/Network/NetworkService.swift; sourceTree = SOURCE_ROOT; };
		BE473E332C9485FB00020435 /* Endpoint.swift */ = {isa = PBXFileReference; lastKnownFileType = sourcecode.swift; path = Endpoint.swift; sourceTree = "<group>"; };
		BE473E352C9488E100020435 /* DefaultNetworkService.swift */ = {isa = PBXFileReference; lastKnownFileType = sourcecode.swift; path = DefaultNetworkService.swift; sourceTree = "<group>"; };
		BE473E512C954D2E00020435 /* Secret.xcconfig */ = {isa = PBXFileReference; lastKnownFileType = text.xcconfig; path = Secret.xcconfig; sourceTree = "<group>"; };
		BE473E522C954DD300020435 /* Info.plist */ = {isa = PBXFileReference; lastKnownFileType = text.plist; path = Info.plist; sourceTree = "<group>"; };
		BE473E542C954E3100020435 /* Secret.swift */ = {isa = PBXFileReference; lastKnownFileType = sourcecode.swift; path = Secret.swift; sourceTree = "<group>"; };
		BE473E572C95862E00020435 /* TouristEndpoint.swift */ = {isa = PBXFileReference; lastKnownFileType = sourcecode.swift; path = TouristEndpoint.swift; sourceTree = "<group>"; };
		BE473E5A2C95864C00020435 /* AreaCodeEndpoint.swift */ = {isa = PBXFileReference; lastKnownFileType = sourcecode.swift; path = AreaCodeEndpoint.swift; sourceTree = "<group>"; };
		BE473E5D2C958D3700020435 /* QueryProvider.swift */ = {isa = PBXFileReference; lastKnownFileType = sourcecode.swift; path = QueryProvider.swift; sourceTree = "<group>"; };
		BE473E602C958E1D00020435 /* AreaCodeRequest.swift */ = {isa = PBXFileReference; lastKnownFileType = sourcecode.swift; path = AreaCodeRequest.swift; sourceTree = "<group>"; };
		BE473E622C969A2800020435 /* ViewModel.swift */ = {isa = PBXFileReference; lastKnownFileType = sourcecode.swift; path = ViewModel.swift; sourceTree = "<group>"; };
		BEADF8EE2C96BB0600FCDBE9 /* AreaCodeResponse.swift */ = {isa = PBXFileReference; lastKnownFileType = sourcecode.swift; path = AreaCodeResponse.swift; sourceTree = "<group>"; };
		BEADF8F12C96BC5E00FCDBE9 /* EventListViewModel.swift */ = {isa = PBXFileReference; lastKnownFileType = sourcecode.swift; path = EventListViewModel.swift; sourceTree = "<group>"; };
		BEADF8F32C96BDA300FCDBE9 /* SearchFestivalEndpoint.swift */ = {isa = PBXFileReference; lastKnownFileType = sourcecode.swift; path = SearchFestivalEndpoint.swift; sourceTree = "<group>"; };
		BEADF8F52C96BE7300FCDBE9 /* SearchFestivalRequest.swift */ = {isa = PBXFileReference; lastKnownFileType = sourcecode.swift; path = SearchFestivalRequest.swift; sourceTree = "<group>"; };
		BEADF8F72C96BF6E00FCDBE9 /* DateFormat.swift */ = {isa = PBXFileReference; lastKnownFileType = sourcecode.swift; path = DateFormat.swift; sourceTree = "<group>"; };
		BEADF8F92C96D54A00FCDBE9 /* SearchFestivalDTO.swift */ = {isa = PBXFileReference; lastKnownFileType = sourcecode.swift; path = SearchFestivalDTO.swift; sourceTree = "<group>"; };
		BED1DF682C907C1D0030BC1A /* TripLog.app */ = {isa = PBXFileReference; explicitFileType = wrapper.application; includeInIndex = 0; path = TripLog.app; sourceTree = BUILT_PRODUCTS_DIR; };
		BED1DF6B2C907C1D0030BC1A /* TripLogApp.swift */ = {isa = PBXFileReference; lastKnownFileType = sourcecode.swift; path = TripLogApp.swift; sourceTree = "<group>"; };
		BED1DF6D2C907C1D0030BC1A /* MainTab.swift */ = {isa = PBXFileReference; lastKnownFileType = sourcecode.swift; path = MainTab.swift; sourceTree = "<group>"; };
		BED1DF6F2C907C200030BC1A /* Assets.xcassets */ = {isa = PBXFileReference; lastKnownFileType = folder.assetcatalog; path = Assets.xcassets; sourceTree = "<group>"; };
		BED1DF722C907C200030BC1A /* Preview Assets.xcassets */ = {isa = PBXFileReference; lastKnownFileType = folder.assetcatalog; path = "Preview Assets.xcassets"; sourceTree = "<group>"; };
		BED1DF792C907CEA0030BC1A /* .gitignore */ = {isa = PBXFileReference; lastKnownFileType = text; path = .gitignore; sourceTree = "<group>"; };
		BEF36D5B2C97D872008A9DBF /* SearchFestivalResponse.swift */ = {isa = PBXFileReference; lastKnownFileType = sourcecode.swift; path = SearchFestivalResponse.swift; sourceTree = "<group>"; };
		BEF36D5D2C97DC77008A9DBF /* FestivalCardView.swift */ = {isa = PBXFileReference; lastKnownFileType = sourcecode.swift; path = FestivalCardView.swift; sourceTree = "<group>"; };
/* End PBXFileReference section */

/* Begin PBXFrameworksBuildPhase section */
		BED1DF652C907C1D0030BC1A /* Frameworks */ = {
			isa = PBXFrameworksBuildPhase;
			buildActionMask = 2147483647;
			files = (
				8ECFED332C9DB8D100716B71 /* Kingfisher in Frameworks */,
			);
			runOnlyForDeploymentPostprocessing = 0;
		};
/* End PBXFrameworksBuildPhase section */

/* Begin PBXGroup section */
		8E138FA72C9C4E43008F9D38 /* Service */ = {
			isa = PBXGroup;
			children = (
				8E138FA82C9C4E4F008F9D38 /* LocationService.swift */,
				8E138FAA2C9C4E55008F9D38 /* DefaultLocationService.swift */,
			);
			path = Service;
			sourceTree = "<group>";
		};
		8E138FAC2C9C4E90008F9D38 /* TouristMap */ = {
			isa = PBXGroup;
			children = (
				BE473E252C93351700020435 /* TouristMapView.swift */,
				8E138FAD2C9C4E95008F9D38 /* TouristMapViewModel.swift */,
			);
			path = TouristMap;
			sourceTree = "<group>";
		};
		BE14D2152C96A7C200CCDB99 /* Response */ = {
			isa = PBXGroup;
			children = (
				BEADF8EE2C96BB0600FCDBE9 /* AreaCodeResponse.swift */,
				BEF36D5B2C97D872008A9DBF /* SearchFestivalResponse.swift */,
			);
			path = Response;
			sourceTree = "<group>";
		};
		BE14D2182C96A82B00CCDB99 /* Repository */ = {
			isa = PBXGroup;
			children = (
				BE14D2192C96A83600CCDB99 /* TouristRepository.swift */,
			);
			path = Repository;
			sourceTree = "<group>";
		};
		BE14D21F2C96A96D00CCDB99 /* Extension */ = {
			isa = PBXGroup;
			children = (
				BE14D2202C96A97300CCDB99 /* Data+.swift */,
			);
			path = Extension;
			sourceTree = "<group>";
		};
		BE473E2B2C933DB500020435 /* Custom */ = {
			isa = PBXGroup;
			children = (
				BE473E2D2C933DCA00020435 /* SliderView.swift */,
			);
			path = Custom;
			sourceTree = "<group>";
		};
		BE473E2C2C933DBC00020435 /* MainTab */ = {
			isa = PBXGroup;
			children = (
				BED1DF6D2C907C1D0030BC1A /* MainTab.swift */,
				BEADF8F02C96BC5700FCDBE9 /* EventList */,
				8E138FAC2C9C4E90008F9D38 /* TouristMap */,
				BE473E272C93353700020435 /* ScheduleListView.swift */,
				BE473E292C93353F00020435 /* RecordListView.swift */,
			);
			path = MainTab;
			sourceTree = "<group>";
		};
		BE473E2F2C9485CB00020435 /* Data */ = {
			isa = PBXGroup;
			children = (
				BEADF8ED2C96BAFB00FCDBE9 /* DTO */,
				8E138FA72C9C4E43008F9D38 /* Service */,
				BE14D2182C96A82B00CCDB99 /* Repository */,
				BE473E302C9485D500020435 /* Network */,
			);
			path = Data;
			sourceTree = "<group>";
		};
		BE473E302C9485D500020435 /* Network */ = {
			isa = PBXGroup;
			children = (
				BE473E312C9485DC00020435 /* NetworkService.swift */,
				BE473E562C95862800020435 /* Endpoint */,
				BE473E352C9488E100020435 /* DefaultNetworkService.swift */,
			);
			path = Network;
			sourceTree = "<group>";
		};
		BE473E532C954E2300020435 /* Foundation */ = {
			isa = PBXGroup;
			children = (
				BE14D21F2C96A96D00CCDB99 /* Extension */,
				BE473E542C954E3100020435 /* Secret.swift */,
				BE14D21D2C96A8F000CCDB99 /* DIContainer.swift */,
				BE473E622C969A2800020435 /* ViewModel.swift */,
				BE14D21B2C96A8D700CCDB99 /* Injected.swift */,
				BEADF8F72C96BF6E00FCDBE9 /* DateFormat.swift */,
			);
			path = Foundation;
			sourceTree = "<group>";
		};
		BE473E562C95862800020435 /* Endpoint */ = {
			isa = PBXGroup;
			children = (
				BE473E332C9485FB00020435 /* Endpoint.swift */,
				BE473E592C95864200020435 /* TouristEndpoint */,
			);
			path = Endpoint;
			sourceTree = "<group>";
		};
		BE473E592C95864200020435 /* TouristEndpoint */ = {
			isa = PBXGroup;
			children = (
				BE473E572C95862E00020435 /* TouristEndpoint.swift */,
				BE473E5A2C95864C00020435 /* AreaCodeEndpoint.swift */,
				BEADF8F32C96BDA300FCDBE9 /* SearchFestivalEndpoint.swift */,
			);
			path = TouristEndpoint;
			sourceTree = "<group>";
		};
		BE473E5C2C958D3300020435 /* Domain */ = {
			isa = PBXGroup;
			children = (
				BE14D2152C96A7C200CCDB99 /* Response */,
				BE473E5F2C958E1A00020435 /* Request */,
				BE473E5D2C958D3700020435 /* QueryProvider.swift */,
			);
			path = Domain;
			sourceTree = "<group>";
		};
		BE473E5F2C958E1A00020435 /* Request */ = {
			isa = PBXGroup;
			children = (
				BE473E602C958E1D00020435 /* AreaCodeRequest.swift */,
				BEADF8F52C96BE7300FCDBE9 /* SearchFestivalRequest.swift */,
			);
			path = Request;
			sourceTree = "<group>";
		};
		BEADF8ED2C96BAFB00FCDBE9 /* DTO */ = {
			isa = PBXGroup;
			children = (
				BE14D2162C96A7CA00CCDB99 /* AreaCodeDTO.swift */,
				BEADF8F92C96D54A00FCDBE9 /* SearchFestivalDTO.swift */,
			);
			path = DTO;
			sourceTree = "<group>";
		};
		BEADF8F02C96BC5700FCDBE9 /* EventList */ = {
			isa = PBXGroup;
			children = (
				BE473E232C9334F400020435 /* EventListView.swift */,
				BEF36D5D2C97DC77008A9DBF /* FestivalCardView.swift */,
				BEADF8F12C96BC5E00FCDBE9 /* EventListViewModel.swift */,
			);
			path = EventList;
			sourceTree = "<group>";
		};
		BED1DF5F2C907C1D0030BC1A = {
			isa = PBXGroup;
			children = (
				BED1DF792C907CEA0030BC1A /* .gitignore */,
				BED1DF6A2C907C1D0030BC1A /* TripLog */,
				BED1DF692C907C1D0030BC1A /* Products */,
			);
			sourceTree = "<group>";
		};
		BED1DF692C907C1D0030BC1A /* Products */ = {
			isa = PBXGroup;
			children = (
				BED1DF682C907C1D0030BC1A /* TripLog.app */,
			);
			name = Products;
			sourceTree = "<group>";
		};
		BED1DF6A2C907C1D0030BC1A /* TripLog */ = {
			isa = PBXGroup;
			children = (
				BE473E522C954DD300020435 /* Info.plist */,
				BED1DF7E2C91D09E0030BC1A /* Sources */,
				BED1DF7D2C91D0950030BC1A /* Resources */,
			);
			path = TripLog;
			sourceTree = "<group>";
		};
		BED1DF712C907C200030BC1A /* Preview Content */ = {
			isa = PBXGroup;
			children = (
				BED1DF722C907C200030BC1A /* Preview Assets.xcassets */,
			);
			path = "Preview Content";
			sourceTree = "<group>";
		};
		BED1DF7B2C91D07D0030BC1A /* App */ = {
			isa = PBXGroup;
			children = (
				BED1DF6B2C907C1D0030BC1A /* TripLogApp.swift */,
				BE14D2222C96B39900CCDB99 /* AppDelegate.swift */,
			);
			path = App;
			sourceTree = "<group>";
		};
		BED1DF7C2C91D0830030BC1A /* Presentation */ = {
			isa = PBXGroup;
			children = (
				BE473E2C2C933DBC00020435 /* MainTab */,
				BE473E2B2C933DB500020435 /* Custom */,
			);
			path = Presentation;
			sourceTree = "<group>";
		};
		BED1DF7D2C91D0950030BC1A /* Resources */ = {
			isa = PBXGroup;
			children = (
				BE473E512C954D2E00020435 /* Secret.xcconfig */,
				BED1DF6F2C907C200030BC1A /* Assets.xcassets */,
				BED1DF712C907C200030BC1A /* Preview Content */,
			);
			path = Resources;
			sourceTree = "<group>";
		};
		BED1DF7E2C91D09E0030BC1A /* Sources */ = {
			isa = PBXGroup;
			children = (
				BED1DF7B2C91D07D0030BC1A /* App */,
				BE473E5C2C958D3300020435 /* Domain */,
				BE473E2F2C9485CB00020435 /* Data */,
				BE473E532C954E2300020435 /* Foundation */,
				BED1DF7C2C91D0830030BC1A /* Presentation */,
			);
			path = Sources;
			sourceTree = "<group>";
		};
/* End PBXGroup section */

/* Begin PBXNativeTarget section */
		BED1DF672C907C1D0030BC1A /* TripLog */ = {
			isa = PBXNativeTarget;
			buildConfigurationList = BED1DF762C907C200030BC1A /* Build configuration list for PBXNativeTarget "TripLog" */;
			buildPhases = (
				BED1DF642C907C1D0030BC1A /* Sources */,
				BED1DF652C907C1D0030BC1A /* Frameworks */,
				BED1DF662C907C1D0030BC1A /* Resources */,
			);
			buildRules = (
			);
			dependencies = (
			);
			name = TripLog;
			packageProductDependencies = (
				8ECFED322C9DB8D100716B71 /* Kingfisher */,
			);
			productName = TripLog;
			productReference = BED1DF682C907C1D0030BC1A /* TripLog.app */;
			productType = "com.apple.product-type.application";
		};
/* End PBXNativeTarget section */

/* Begin PBXProject section */
		BED1DF602C907C1D0030BC1A /* Project object */ = {
			isa = PBXProject;
			attributes = {
				BuildIndependentTargetsInParallel = 1;
				LastSwiftUpdateCheck = 1540;
				LastUpgradeCheck = 1540;
				TargetAttributes = {
					BED1DF672C907C1D0030BC1A = {
						CreatedOnToolsVersion = 15.4;
					};
				};
			};
			buildConfigurationList = BED1DF632C907C1D0030BC1A /* Build configuration list for PBXProject "TripLog" */;
			compatibilityVersion = "Xcode 14.0";
			developmentRegion = en;
			hasScannedForEncodings = 0;
			knownRegions = (
				en,
				Base,
			);
			mainGroup = BED1DF5F2C907C1D0030BC1A;
			packageReferences = (
				8ECFED312C9DB8D100716B71 /* XCRemoteSwiftPackageReference "Kingfisher" */,
			);
			productRefGroup = BED1DF692C907C1D0030BC1A /* Products */;
			projectDirPath = "";
			projectRoot = "";
			targets = (
				BED1DF672C907C1D0030BC1A /* TripLog */,
			);
		};
/* End PBXProject section */

/* Begin PBXResourcesBuildPhase section */
		BED1DF662C907C1D0030BC1A /* Resources */ = {
			isa = PBXResourcesBuildPhase;
			buildActionMask = 2147483647;
			files = (
				BED1DF732C907C200030BC1A /* Preview Assets.xcassets in Resources */,
				BED1DF7A2C907CEA0030BC1A /* .gitignore in Resources */,
				BED1DF702C907C200030BC1A /* Assets.xcassets in Resources */,
			);
			runOnlyForDeploymentPostprocessing = 0;
		};
/* End PBXResourcesBuildPhase section */

/* Begin PBXSourcesBuildPhase section */
		BED1DF642C907C1D0030BC1A /* Sources */ = {
			isa = PBXSourcesBuildPhase;
			buildActionMask = 2147483647;
			files = (
				BE14D2232C96B39900CCDB99 /* AppDelegate.swift in Sources */,
				BE473E282C93353700020435 /* ScheduleListView.swift in Sources */,
				BE473E612C958E1D00020435 /* AreaCodeRequest.swift in Sources */,
				BEADF8EF2C96BB0600FCDBE9 /* AreaCodeResponse.swift in Sources */,
				BEF36D5C2C97D872008A9DBF /* SearchFestivalResponse.swift in Sources */,
				BE473E342C9485FB00020435 /* Endpoint.swift in Sources */,
				8E138FAB2C9C4E55008F9D38 /* DefaultLocationService.swift in Sources */,
				BED1DF6E2C907C1D0030BC1A /* MainTab.swift in Sources */,
				BE473E5E2C958D3700020435 /* QueryProvider.swift in Sources */,
				BE473E322C9485DC00020435 /* NetworkService.swift in Sources */,
				BE473E632C969A2800020435 /* ViewModel.swift in Sources */,
				BE14D21C2C96A8D700CCDB99 /* Injected.swift in Sources */,
				BE473E552C954E3100020435 /* Secret.swift in Sources */,
				BE14D2212C96A97300CCDB99 /* Data+.swift in Sources */,
				BE473E5B2C95864C00020435 /* AreaCodeEndpoint.swift in Sources */,
				BE473E362C9488E100020435 /* DefaultNetworkService.swift in Sources */,
				BE473E242C9334F400020435 /* EventListView.swift in Sources */,
				BE14D21E2C96A8F000CCDB99 /* DIContainer.swift in Sources */,
				BE14D2172C96A7CA00CCDB99 /* AreaCodeDTO.swift in Sources */,
				BE14D21A2C96A83600CCDB99 /* TouristRepository.swift in Sources */,
				BE473E262C93351700020435 /* TouristMapView.swift in Sources */,
				BEF36D5E2C97DC77008A9DBF /* FestivalCardView.swift in Sources */,
				BED1DF6C2C907C1D0030BC1A /* TripLogApp.swift in Sources */,
				BE473E2A2C93353F00020435 /* RecordListView.swift in Sources */,
				8E138FAE2C9C4E95008F9D38 /* TouristMapViewModel.swift in Sources */,
				BEADF8FA2C96D54A00FCDBE9 /* SearchFestivalDTO.swift in Sources */,
				BEADF8F22C96BC5E00FCDBE9 /* EventListViewModel.swift in Sources */,
				BE473E2E2C933DCA00020435 /* SliderView.swift in Sources */,
				BEADF8F42C96BDA300FCDBE9 /* SearchFestivalEndpoint.swift in Sources */,
				BE473E582C95862E00020435 /* TouristEndpoint.swift in Sources */,
				BEADF8F62C96BE7300FCDBE9 /* SearchFestivalRequest.swift in Sources */,
				BEADF8F82C96BF6E00FCDBE9 /* DateFormat.swift in Sources */,
				8E138FA92C9C4E4F008F9D38 /* LocationService.swift in Sources */,
			);
			runOnlyForDeploymentPostprocessing = 0;
		};
/* End PBXSourcesBuildPhase section */

/* Begin XCBuildConfiguration section */
		BED1DF742C907C200030BC1A /* Debug */ = {
			isa = XCBuildConfiguration;
			baseConfigurationReference = BE473E512C954D2E00020435 /* Secret.xcconfig */;
			buildSettings = {
				ALWAYS_SEARCH_USER_PATHS = NO;
				ASSETCATALOG_COMPILER_GENERATE_SWIFT_ASSET_SYMBOL_EXTENSIONS = YES;
				CLANG_ANALYZER_NONNULL = YES;
				CLANG_ANALYZER_NUMBER_OBJECT_CONVERSION = YES_AGGRESSIVE;
				CLANG_CXX_LANGUAGE_STANDARD = "gnu++20";
				CLANG_ENABLE_MODULES = YES;
				CLANG_ENABLE_OBJC_ARC = YES;
				CLANG_ENABLE_OBJC_WEAK = YES;
				CLANG_WARN_BLOCK_CAPTURE_AUTORELEASING = YES;
				CLANG_WARN_BOOL_CONVERSION = YES;
				CLANG_WARN_COMMA = YES;
				CLANG_WARN_CONSTANT_CONVERSION = YES;
				CLANG_WARN_DEPRECATED_OBJC_IMPLEMENTATIONS = YES;
				CLANG_WARN_DIRECT_OBJC_ISA_USAGE = YES_ERROR;
				CLANG_WARN_DOCUMENTATION_COMMENTS = YES;
				CLANG_WARN_EMPTY_BODY = YES;
				CLANG_WARN_ENUM_CONVERSION = YES;
				CLANG_WARN_INFINITE_RECURSION = YES;
				CLANG_WARN_INT_CONVERSION = YES;
				CLANG_WARN_NON_LITERAL_NULL_CONVERSION = YES;
				CLANG_WARN_OBJC_IMPLICIT_RETAIN_SELF = YES;
				CLANG_WARN_OBJC_LITERAL_CONVERSION = YES;
				CLANG_WARN_OBJC_ROOT_CLASS = YES_ERROR;
				CLANG_WARN_QUOTED_INCLUDE_IN_FRAMEWORK_HEADER = YES;
				CLANG_WARN_RANGE_LOOP_ANALYSIS = YES;
				CLANG_WARN_STRICT_PROTOTYPES = YES;
				CLANG_WARN_SUSPICIOUS_MOVE = YES;
				CLANG_WARN_UNGUARDED_AVAILABILITY = YES_AGGRESSIVE;
				CLANG_WARN_UNREACHABLE_CODE = YES;
				CLANG_WARN__DUPLICATE_METHOD_MATCH = YES;
				COPY_PHASE_STRIP = NO;
				DEBUG_INFORMATION_FORMAT = dwarf;
				ENABLE_STRICT_OBJC_MSGSEND = YES;
				ENABLE_TESTABILITY = YES;
				ENABLE_USER_SCRIPT_SANDBOXING = YES;
				GCC_C_LANGUAGE_STANDARD = gnu17;
				GCC_DYNAMIC_NO_PIC = NO;
				GCC_NO_COMMON_BLOCKS = YES;
				GCC_OPTIMIZATION_LEVEL = 0;
				GCC_PREPROCESSOR_DEFINITIONS = (
					"DEBUG=1",
					"$(inherited)",
				);
				GCC_WARN_64_TO_32_BIT_CONVERSION = YES;
				GCC_WARN_ABOUT_RETURN_TYPE = YES_ERROR;
				GCC_WARN_UNDECLARED_SELECTOR = YES;
				GCC_WARN_UNINITIALIZED_AUTOS = YES_AGGRESSIVE;
				GCC_WARN_UNUSED_FUNCTION = YES;
				GCC_WARN_UNUSED_VARIABLE = YES;
				INFOPLIST_PREPROCESS = NO;
				IPHONEOS_DEPLOYMENT_TARGET = 16.0;
				LOCALIZATION_PREFERS_STRING_CATALOGS = YES;
				MTL_ENABLE_DEBUG_INFO = INCLUDE_SOURCE;
				MTL_FAST_MATH = YES;
				ONLY_ACTIVE_ARCH = YES;
				SDKROOT = iphoneos;
				SWIFT_ACTIVE_COMPILATION_CONDITIONS = "DEBUG $(inherited)";
				SWIFT_OPTIMIZATION_LEVEL = "-Onone";
			};
			name = Debug;
		};
		BED1DF752C907C200030BC1A /* Release */ = {
			isa = XCBuildConfiguration;
			buildSettings = {
				ALWAYS_SEARCH_USER_PATHS = NO;
				ASSETCATALOG_COMPILER_GENERATE_SWIFT_ASSET_SYMBOL_EXTENSIONS = YES;
				CLANG_ANALYZER_NONNULL = YES;
				CLANG_ANALYZER_NUMBER_OBJECT_CONVERSION = YES_AGGRESSIVE;
				CLANG_CXX_LANGUAGE_STANDARD = "gnu++20";
				CLANG_ENABLE_MODULES = YES;
				CLANG_ENABLE_OBJC_ARC = YES;
				CLANG_ENABLE_OBJC_WEAK = YES;
				CLANG_WARN_BLOCK_CAPTURE_AUTORELEASING = YES;
				CLANG_WARN_BOOL_CONVERSION = YES;
				CLANG_WARN_COMMA = YES;
				CLANG_WARN_CONSTANT_CONVERSION = YES;
				CLANG_WARN_DEPRECATED_OBJC_IMPLEMENTATIONS = YES;
				CLANG_WARN_DIRECT_OBJC_ISA_USAGE = YES_ERROR;
				CLANG_WARN_DOCUMENTATION_COMMENTS = YES;
				CLANG_WARN_EMPTY_BODY = YES;
				CLANG_WARN_ENUM_CONVERSION = YES;
				CLANG_WARN_INFINITE_RECURSION = YES;
				CLANG_WARN_INT_CONVERSION = YES;
				CLANG_WARN_NON_LITERAL_NULL_CONVERSION = YES;
				CLANG_WARN_OBJC_IMPLICIT_RETAIN_SELF = YES;
				CLANG_WARN_OBJC_LITERAL_CONVERSION = YES;
				CLANG_WARN_OBJC_ROOT_CLASS = YES_ERROR;
				CLANG_WARN_QUOTED_INCLUDE_IN_FRAMEWORK_HEADER = YES;
				CLANG_WARN_RANGE_LOOP_ANALYSIS = YES;
				CLANG_WARN_STRICT_PROTOTYPES = YES;
				CLANG_WARN_SUSPICIOUS_MOVE = YES;
				CLANG_WARN_UNGUARDED_AVAILABILITY = YES_AGGRESSIVE;
				CLANG_WARN_UNREACHABLE_CODE = YES;
				CLANG_WARN__DUPLICATE_METHOD_MATCH = YES;
				COPY_PHASE_STRIP = NO;
				DEBUG_INFORMATION_FORMAT = "dwarf-with-dsym";
				ENABLE_NS_ASSERTIONS = NO;
				ENABLE_STRICT_OBJC_MSGSEND = YES;
				ENABLE_USER_SCRIPT_SANDBOXING = YES;
				GCC_C_LANGUAGE_STANDARD = gnu17;
				GCC_NO_COMMON_BLOCKS = YES;
				GCC_WARN_64_TO_32_BIT_CONVERSION = YES;
				GCC_WARN_ABOUT_RETURN_TYPE = YES_ERROR;
				GCC_WARN_UNDECLARED_SELECTOR = YES;
				GCC_WARN_UNINITIALIZED_AUTOS = YES_AGGRESSIVE;
				GCC_WARN_UNUSED_FUNCTION = YES;
				GCC_WARN_UNUSED_VARIABLE = YES;
				INFOPLIST_PREPROCESS = NO;
				IPHONEOS_DEPLOYMENT_TARGET = 16.0;
				LOCALIZATION_PREFERS_STRING_CATALOGS = YES;
				MTL_ENABLE_DEBUG_INFO = NO;
				MTL_FAST_MATH = YES;
				SDKROOT = iphoneos;
				SWIFT_COMPILATION_MODE = wholemodule;
				VALIDATE_PRODUCT = YES;
			};
			name = Release;
		};
		BED1DF772C907C200030BC1A /* Debug */ = {
			isa = XCBuildConfiguration;
			buildSettings = {
				ASSETCATALOG_COMPILER_APPICON_NAME = AppIcon;
				ASSETCATALOG_COMPILER_GLOBAL_ACCENT_COLOR_NAME = AccentColor;
				CODE_SIGN_STYLE = Automatic;
				CURRENT_PROJECT_VERSION = 1;
				DEVELOPMENT_ASSET_PATHS = "\"TripLog/Resources/Preview Content\"";
				DEVELOPMENT_TEAM = ASU4PNB5MG;
				ENABLE_PREVIEWS = YES;
				GENERATE_INFOPLIST_FILE = YES;
				INFOPLIST_FILE = TripLog/Info.plist;
				INFOPLIST_KEY_UIApplicationSceneManifest_Generation = YES;
				INFOPLIST_KEY_UIApplicationSupportsIndirectInputEvents = YES;
				INFOPLIST_KEY_UILaunchScreen_Generation = YES;
				INFOPLIST_KEY_UISupportedInterfaceOrientations = UIInterfaceOrientationPortrait;
				INFOPLIST_KEY_UISupportedInterfaceOrientations_iPad = "UIInterfaceOrientationLandscapeLeft UIInterfaceOrientationLandscapeRight UIInterfaceOrientationPortrait UIInterfaceOrientationPortraitUpsideDown";
				INFOPLIST_PREPROCESS = YES;
				IPHONEOS_DEPLOYMENT_TARGET = 16.0;
				LD_RUNPATH_SEARCH_PATHS = (
					"$(inherited)",
					"@executable_path/Frameworks",
				);
				MARKETING_VERSION = 0.1;
				PRODUCT_BUNDLE_IDENTIFIER = com.geonseobkim.TripLog;
				PRODUCT_NAME = "$(TARGET_NAME)";
				SUPPORTED_PLATFORMS = "iphoneos iphonesimulator";
				SUPPORTS_MACCATALYST = NO;
				SUPPORTS_MAC_DESIGNED_FOR_IPHONE_IPAD = NO;
				SUPPORTS_XR_DESIGNED_FOR_IPHONE_IPAD = NO;
				SWIFT_EMIT_LOC_STRINGS = YES;
				SWIFT_VERSION = 5.0;
				TARGETED_DEVICE_FAMILY = 1;
			};
			name = Debug;
		};
		BED1DF782C907C200030BC1A /* Release */ = {
			isa = XCBuildConfiguration;
			buildSettings = {
				ASSETCATALOG_COMPILER_APPICON_NAME = AppIcon;
				ASSETCATALOG_COMPILER_GLOBAL_ACCENT_COLOR_NAME = AccentColor;
				CODE_SIGN_STYLE = Automatic;
				CURRENT_PROJECT_VERSION = 1;
				DEVELOPMENT_ASSET_PATHS = "\"TripLog/Resources/Preview Content\"";
				DEVELOPMENT_TEAM = ASU4PNB5MG;
				ENABLE_PREVIEWS = YES;
				GENERATE_INFOPLIST_FILE = YES;
				INFOPLIST_FILE = TripLog/Info.plist;
				INFOPLIST_KEY_UIApplicationSceneManifest_Generation = YES;
				INFOPLIST_KEY_UIApplicationSupportsIndirectInputEvents = YES;
				INFOPLIST_KEY_UILaunchScreen_Generation = YES;
				INFOPLIST_KEY_UISupportedInterfaceOrientations = UIInterfaceOrientationPortrait;
				INFOPLIST_KEY_UISupportedInterfaceOrientations_iPad = "UIInterfaceOrientationLandscapeLeft UIInterfaceOrientationLandscapeRight UIInterfaceOrientationPortrait UIInterfaceOrientationPortraitUpsideDown";
				INFOPLIST_PREPROCESS = YES;
				IPHONEOS_DEPLOYMENT_TARGET = 16.0;
				LD_RUNPATH_SEARCH_PATHS = (
					"$(inherited)",
					"@executable_path/Frameworks",
				);
				MARKETING_VERSION = 0.1;
				PRODUCT_BUNDLE_IDENTIFIER = com.geonseobkim.TripLog;
				PRODUCT_NAME = "$(TARGET_NAME)";
				SUPPORTED_PLATFORMS = "iphoneos iphonesimulator";
				SUPPORTS_MACCATALYST = NO;
				SUPPORTS_MAC_DESIGNED_FOR_IPHONE_IPAD = NO;
				SUPPORTS_XR_DESIGNED_FOR_IPHONE_IPAD = NO;
				SWIFT_EMIT_LOC_STRINGS = YES;
				SWIFT_VERSION = 5.0;
				TARGETED_DEVICE_FAMILY = 1;
			};
			name = Release;
		};
/* End XCBuildConfiguration section */

/* Begin XCConfigurationList section */
		BED1DF632C907C1D0030BC1A /* Build configuration list for PBXProject "TripLog" */ = {
			isa = XCConfigurationList;
			buildConfigurations = (
				BED1DF742C907C200030BC1A /* Debug */,
				BED1DF752C907C200030BC1A /* Release */,
			);
			defaultConfigurationIsVisible = 0;
			defaultConfigurationName = Release;
		};
		BED1DF762C907C200030BC1A /* Build configuration list for PBXNativeTarget "TripLog" */ = {
			isa = XCConfigurationList;
			buildConfigurations = (
				BED1DF772C907C200030BC1A /* Debug */,
				BED1DF782C907C200030BC1A /* Release */,
			);
			defaultConfigurationIsVisible = 0;
			defaultConfigurationName = Release;
		};
/* End XCConfigurationList section */

/* Begin XCRemoteSwiftPackageReference section */
		8ECFED312C9DB8D100716B71 /* XCRemoteSwiftPackageReference "Kingfisher" */ = {
			isa = XCRemoteSwiftPackageReference;
			repositoryURL = "https://github.com/onevcat/Kingfisher";
			requirement = {
				kind = upToNextMajorVersion;
				minimumVersion = 8.0.1;
			};
		};
/* End XCRemoteSwiftPackageReference section */

/* Begin XCSwiftPackageProductDependency section */
		8ECFED322C9DB8D100716B71 /* Kingfisher */ = {
			isa = XCSwiftPackageProductDependency;
			package = 8ECFED312C9DB8D100716B71 /* XCRemoteSwiftPackageReference "Kingfisher" */;
			productName = Kingfisher;
		};
/* End XCSwiftPackageProductDependency section */
	};
	rootObject = BED1DF602C907C1D0030BC1A /* Project object */;
}
